lockfileVersion: '9.0'

settings:
  autoInstallPeers: true
  excludeLinksFromLockfile: false

importers:

  .:
    dependencies:
      '@tailwindcss/vite':
        specifier: ^4.3.0
        version: 4.3.0(vite@6.4.3(jiti@2.7.0)(lightningcss@1.32.0))
      '@tauri-apps/api':
        specifier: ^2
        version: 2.11.0
      '@tauri-apps/plugin-opener':
        specifier: ^2
        version: 2.5.4
      tailwindcss:
        specifier: ^4.3.0
        version: 4.3.0
      vue:
        specifier: ^3.5.13
        version: 3.5.35(typescript@5.6.2)
    devDependencies:
      '@tauri-apps/cli':
        specifier: ^2
        version: 2.11.2
      '@vitejs/plugin-vue':
        specifier: ^5.2.1
        version: 5.2.1(vite@6.4.3(jiti@2.7.0)(lightningcss@1.32.0))(vue@3.5.35(typescript@5.6.2))
      typescript:
        specifier: ~5.6.2
        version: 5.6.2
      vite:
        specifier: ^6.0.3
        version: 6.4.3(jiti@2.7.0)(lightningcss@1.32.0)
      vue-tsc:
        specifier: ^2.1.10
        version: 2.1.10(typescript@5.6.2)

packages:

  '@babel/helper-string-parser@7.29.7':
    resolution: {integrity: sha512-Pb5ijPrZ89GDH8223L4UP8i6QApWxs04RbPQJTeWDV0/keR2E36MeKnyr6LYmUUvqRRI+Iv87SuF1W6ErINzYw==}
    engines: {node: '>=6.9.0'}

  '@babel/helper-validator-identifier@7.29.7':
    resolution: {integrity: sha512-qehxGkRj55h/ff8EMaJ+cYhyaKlHIxqYDn682wQD7RNp9UujOQsHog2uS0r2vzr4pW+sXf90NeeayjcNaX3fFg==}
    engines: {node: '>=6.9.0'}

  '@babel/parser@7.29.7':
    resolution: {integrity: sha512-hnORnjP/1P/zFEndoeX+n+t1RwWRJiJpM/jO7FW32Kn9r5+sJB2JWOdYo4L6k78j15eCwY3Gm/7364B1EMwtNg==}
    engines: {node: '>=6.0.0'}
    hasBin: true

  '@babel/types@7.29.7':
    resolution: {integrity: sha512-4zBIxpPzowiZpusoFkyGVwakdRJUyuH5PxQ/PrqghfdFWWasvnCdPfQXHrenDai+gyLARulZjZowCOj6fjT4pA==}
    engines: {node: '>=6.9.0'}

  '@esbuild/aix-ppc64@0.25.0':
    resolution: {integrity: sha512-O7vun9Sf8DFjH2UtqK8Ku3LkquL9SZL8OLY1T5NZkA34+wG3OQF7cl4Ql8vdNzM6fzBbYfLaiRLIOZ+2FOCgBQ==}
    engines: {node: '>=18'}
    cpu: [ppc64]
    os: [aix]

  '@esbuild/android-arm64@0.25.0':
    resolution: {integrity: sha512-grvv8WncGjDSyUBjN9yHXNt+cq0snxXbDxy5pJtzMKGmmpPxeAmAhWxXI+01lU5rwZomDgD3kJwulEnhTRUd6g==}
    engines: {node: '>=18'}
    cpu: [arm64]
    os: [android]

  '@esbuild/android-arm@0.25.0':
    resolution: {integrity: sha512-PTyWCYYiU0+1eJKmw21lWtC+d08JDZPQ5g+kFyxP0V+es6VPPSUhM6zk8iImp2jbV6GwjX4pap0JFbUQN65X1g==}
    engines: {node: '>=18'}
    cpu: [arm]
    os: [android]

  '@esbuild/android-x64@0.25.0':
    resolution: {integrity: sha512-m/ix7SfKG5buCnxasr52+LI78SQ+wgdENi9CqyCXwjVR2X4Jkz+BpC3le3AoBPYTC9NHklwngVXvbJ9/Akhrfg==}
    engines: {node: '>=18'}
    cpu: [x64]
    os: [android]

  '@esbuild/darwin-arm64@0.25.0':
    resolution: {integrity: sha512-mVwdUb5SRkPayVadIOI78K7aAnPamoeFR2bT5nszFUZ9P8UpK4ratOdYbZZXYSqPKMHfS1wdHCJk1P1EZpRdvw==}
    engines: {node: '>=18'}
    cpu: [arm64]
    os: [darwin]

  '@esbuild/darwin-x64@0.25.0':
    resolution: {integrity: sha512-DgDaYsPWFTS4S3nWpFcMn/33ZZwAAeAFKNHNa1QN0rI4pUjgqf0f7ONmXf6d22tqTY+H9FNdgeaAa+YIFUn2Rg==}
    engines: {node: '>=18'}
    cpu: [x64]
    os: [darwin]

  '@esbuild/freebsd-arm64@0.25.0':
    resolution: {integrity: sha512-VN4ocxy6dxefN1MepBx/iD1dH5K8qNtNe227I0mnTRjry8tj5MRk4zprLEdG8WPyAPb93/e4pSgi1SoHdgOa4w==}
    engines: {node: '>=18'}
    cpu: [arm64]
    os: [freebsd]

  '@esbuild/freebsd-x64@0.25.0':
    resolution: {integrity: sha512-mrSgt7lCh07FY+hDD1TxiTyIHyttn6vnjesnPoVDNmDfOmggTLXRv8Id5fNZey1gl/V2dyVK1VXXqVsQIiAk+A==}
    engines: {node: '>=18'}
    cpu: [x64]
    os: [freebsd]

  '@esbuild/linux-arm64@0.25.0':
    resolution: {integrity: sha512-9QAQjTWNDM/Vk2bgBl17yWuZxZNQIF0OUUuPZRKoDtqF2k4EtYbpyiG5/Dk7nqeK6kIJWPYldkOcBqjXjrUlmg==}
    engines: {node: '>=18'}
    cpu: [arm64]
    os: [linux]

  '@esbuild/linux-arm@0.25.0':
    resolution: {integrity: sha512-vkB3IYj2IDo3g9xX7HqhPYxVkNQe8qTK55fraQyTzTX/fxaDtXiEnavv9geOsonh2Fd2RMB+i5cbhu2zMNWJwg==}
    engines: {node: '>=18'}
    cpu: [arm]
    os: [linux]

  '@esbuild/linux-ia32@0.25.0':
    resolution: {integrity: sha512-43ET5bHbphBegyeqLb7I1eYn2P/JYGNmzzdidq/w0T8E2SsYL1U6un2NFROFRg1JZLTzdCoRomg8Rvf9M6W6Gg==}
    engines: {node: '>=18'}
    cpu: [ia32]
    os: [linux]

  '@esbuild/linux-loong64@0.25.0':
    resolution: {integrity: sha512-fC95c/xyNFueMhClxJmeRIj2yrSMdDfmqJnyOY4ZqsALkDrrKJfIg5NTMSzVBr5YW1jf+l7/cndBfP3MSDpoHw==}
    engines: {node: '>=18'}
    cpu: [loong64]
    os: [linux]

  '@esbuild/linux-mips64el@0.25.0':
    resolution: {integrity: sha512-nkAMFju7KDW73T1DdH7glcyIptm95a7Le8irTQNO/qtkoyypZAnjchQgooFUDQhNAy4iu08N79W4T4pMBwhPwQ==}
    engines: {node: '>=18'}
    cpu: [mips64el]
    os: [linux]

  '@esbuild/linux-ppc64@0.25.0':
    resolution: {integrity: sha512-NhyOejdhRGS8Iwv+KKR2zTq2PpysF9XqY+Zk77vQHqNbo/PwZCzB5/h7VGuREZm1fixhs4Q/qWRSi5zmAiO4Fw==}
    engines: {node: '>=18'}
    cpu: [ppc64]
    os: [linux]

  '@esbuild/linux-riscv64@0.25.0':
    resolution: {integrity: sha512-5S/rbP5OY+GHLC5qXp1y/Mx//e92L1YDqkiBbO9TQOvuFXM+iDqUNG5XopAnXoRH3FjIUDkeGcY1cgNvnXp/kA==}
    engines: {node: '>=18'}
    cpu: [riscv64]
    os: [linux]

  '@esbuild/linux-s390x@0.25.0':
    resolution: {integrity: sha512-XM2BFsEBz0Fw37V0zU4CXfcfuACMrppsMFKdYY2WuTS3yi8O1nFOhil/xhKTmE1nPmVyvQJjJivgDT+xh8pXJA==}
    engines: {node: '>=18'}
    cpu: [s390x]
    os: [linux]

  '@esbuild/linux-x64@0.25.0':
    resolution: {integrity: sha512-9yl91rHw/cpwMCNytUDxwj2XjFpxML0y9HAOH9pNVQDpQrBxHy01Dx+vaMu0N1CKa/RzBD2hB4u//nfc+Sd3Cw==}
    engines: {node: '>=18'}
    cpu: [x64]
    os: [linux]

  '@esbuild/netbsd-arm64@0.25.0':
    resolution: {integrity: sha512-RuG4PSMPFfrkH6UwCAqBzauBWTygTvb1nxWasEJooGSJ/NwRw7b2HOwyRTQIU97Hq37l3npXoZGYMy3b3xYvPw==}
    engines: {node: '>=18'}
    cpu: [arm64]
    os: [netbsd]

  '@esbuild/netbsd-x64@0.25.0':
    resolution: {integrity: sha512-jl+qisSB5jk01N5f7sPCsBENCOlPiS/xptD5yxOx2oqQfyourJwIKLRA2yqWdifj3owQZCL2sn6o08dBzZGQzA==}
    engines: {node: '>=18'}
    cpu: [x64]
    os: [netbsd]

  '@esbuild/openbsd-arm64@0.25.0':
    resolution: {integrity: sha512-21sUNbq2r84YE+SJDfaQRvdgznTD8Xc0oc3p3iW/a1EVWeNj/SdUCbm5U0itZPQYRuRTW20fPMWMpcrciH2EJw==}
    engines: {node: '>=18'}
    cpu: [arm64]
    os: [openbsd]

  '@esbuild/openbsd-x64@0.25.0':
    resolution: {integrity: sha512-2gwwriSMPcCFRlPlKx3zLQhfN/2WjJ2NSlg5TKLQOJdV0mSxIcYNTMhk3H3ulL/cak+Xj0lY1Ym9ysDV1igceg==}
    engines: {node: '>=18'}
    cpu: [x64]
    os: [openbsd]

  '@esbuild/sunos-x64@0.25.0':
    resolution: {integrity: sha512-bxI7ThgLzPrPz484/S9jLlvUAHYMzy6I0XiU1ZMeAEOBcS0VePBFxh1JjTQt3Xiat5b6Oh4x7UC7IwKQKIJRIg==}
    engines: {node: '>=18'}
    cpu: [x64]
    os: [sunos]

  '@esbuild/win32-arm64@0.25.0':
    resolution: {integrity: sha512-ZUAc2YK6JW89xTbXvftxdnYy3m4iHIkDtK3CLce8wg8M2L+YZhIvO1DKpxrd0Yr59AeNNkTiic9YLf6FTtXWMw==}
    engines: {node: '>=18'}
    cpu: [arm64]
    os: [win32]

  '@esbuild/win32-ia32@0.25.0':
    resolution: {integrity: sha512-eSNxISBu8XweVEWG31/JzjkIGbGIJN/TrRoiSVZwZ6pkC6VX4Im/WV2cz559/TXLcYbcrDN8JtKgd9DJVIo8GA==}
    engines: {node: '>=18'}
    cpu: [ia32]
    os: [win32]

  '@esbuild/win32-x64@0.25.0':
    resolution: {integrity: sha512-ZENoHJBxA20C2zFzh6AI4fT6RraMzjYw4xKWemRTRmRVtN9c5DcH9r/f2ihEkMjOW5eGgrwCslG/+Y/3bL+DHQ==}
    engines: {node: '>=18'}
    cpu: [x64]
    os: [win32]

  '@jridgewell/gen-mapping@0.3.5':
    resolution: {integrity: sha512-IzL8ZoEDIBRWEzlCcRhOaCupYyN5gdIK+Q6fbFdPDg6HqX6jpkItn7DFIpW9LQzXG6Df9sA7+OKnq0qlz/GaQg==}
    engines: {node: '>=6.0.0'}

  '@jridgewell/remapping@2.3.5':
    resolution: {integrity: sha512-LI9u/+laYG4Ds1TDKSJW2YPrIlcVYOwi2fUC6xB43lueCjgxV4lffOCZCtYFiH6TNOX+tQKXx97T4IKHbhyHEQ==}

  '@jridgewell/resolve-uri@3.1.2':
    resolution: {integrity: sha512-bRISgCIjP20/tbWSPWMEi54QVPRZExkuD9lJL+UIxUKtwVJA8wW1Trb1jMs1RFXo1CBTNZ/5hpC9QvmKWdopKw==}
    engines: {node: '>=6.0.0'}

  '@jridgewell/set-array@1.2.1':
    resolution: {integrity: sha512-R8gLRTZeyp03ymzP/6Lil/28tGeGEzhx1q2k703KGWRAI1VdvPIXdG70VJc2pAMw3NA6JKL5hhFu1sJX0Mnn/A==}
    engines: {node: '>=6.0.0'}

  '@jridgewell/sourcemap-codec@1.5.5':
    resolution: {integrity: sha512-cYQ9310grqxueWbl+WuIUIaiUaDcj7WOq5fVhEljNVgRfOUhY9fy2zTvfoqWsnebh8Sl70VScFbICvJnLKB0Og==}

  '@jridgewell/trace-mapping@0.3.31':
    resolution: {integrity: sha512-zzNR+SdQSDJzc8joaeP8QQoCQr8NuYx2dIIytl1QeBEZHJ9uW6hebsrYgbz8hJwUQao3TWCMtmfV8Nu1twOLAw==}

  '@rollup/rollup-android-arm-eabi@4.61.1':
    resolution: {integrity: sha512-JnBB8MdXj45cajvTuO5FmPlvFVJRQgvrz1uSEl3NwqFnReAPGwb8EanbGi4z2nRaqLzjJSv5/JmycoTKlRZxHA==}
    cpu: [arm]
    os: [android]

  '@rollup/rollup-android-arm64@4.61.1':
    resolution: {integrity: sha512-Jx2g7iSjw4AOT0HDPHM9RV3GNjRXwybWtSFZiZAYUTjUwjVrYIwq3kBf+LnhqJlzXFAqTAh2F7IGI+O568exPw==}
    cpu: [arm64]
    os: [android]

  '@rollup/rollup-darwin-arm64@4.61.1':
    resolution: {integrity: sha512-0F1L/Z3Eqv8mT2n3dCpeO8GcTvHvVqkP5/t6DMsn0KzhYVcg+s7Ncl5DS8qjKYEeio6Az0Gt6nyBORay5qIlCA==}
    cpu: [arm64]
    os: [darwin]

  '@rollup/rollup-darwin-x64@4.61.1':
    resolution: {integrity: sha512-qLttcH871ujY4YcVfUSShhOw+CsoTatYz8gRbHO7Bb92QH059/P0y5do1KMs41fY0BpD2x4AJH/gID0zFiqVKQ==}
    cpu: [x64]
    os: [darwin]

  '@rollup/rollup-freebsd-arm64@4.61.1':
    resolution: {integrity: sha512-fUI4RapGE0Oh3mb8mgfvC1O2nU1RpDZUKnDQm3xB1Ipg7C2wTs5Kstz7G2uWK99a8S2yTMq8/P4uycwNa0nJyw==}
    cpu: [arm64]
    os: [freebsd]

  '@rollup/rollup-freebsd-x64@4.61.1':
    resolution: {integrity: sha512-H5YrdvJaDtI/U9/emrD4b++xkvp3y/JvOe4rizHbxvkyMfRS/CiRYdji+Pl8D0brEaNFWUh1drQxgAGIl6Xudw==}
    cpu: [x64]
    os: [freebsd]

  '@rollup/rollup-linux-arm-gnueabihf@4.61.1':
    resolution: {integrity: sha512-Q8CBCCQtDFrYtXoeUXSrnFXKOnyUhx6bz+SkL6A0E7V8kAiCJ5pamq1WtbfpVGhR5TSpXY6ak3avmDc5fHTyJA==}
    cpu: [arm]
    os: [linux]
    libc: [glibc]

  '@rollup/rollup-linux-arm-musleabihf@4.61.1':
    resolution: {integrity: sha512-nwnhk1581l0FBVellGcVCAT0Oi06onEA3WB53sf01VO3I0UPBkMH9sXONYME2K0ovXcNayJfNtHfm6mpJElatQ==}
    cpu: [arm]
    os: [linux]
    libc: [musl]

  '@rollup/rollup-linux-arm64-gnu@4.61.1':
    resolution: {integrity: sha512-x5Xr49hwt3hdW75UOZm3395YwwzPyauktslv29KpWL/T+vVAzoT3azLcTWv0eMciBNrx+DYjH4paehHoLpPvpg==}
    cpu: [arm64]
    os: [linux]
    libc: [glibc]

  '@rollup/rollup-linux-arm64-musl@4.61.1':
    resolution: {integrity: sha512-unMS3H73DpaoPyyEVPjGKleM/s0mkmsauTENpw4INQY8y4+IuLNjkueQ5QCtC0D3N38Y38yhAU8OoZ20S2Tm6w==}
    cpu: [arm64]
    os: [linux]
    libc: [musl]

  '@rollup/rollup-linux-loong64-gnu@4.61.1':
    resolution: {integrity: sha512-zNZzGRnAhwjFEYmvphJRV5XaQGjs62cCmeYYHUT//NbvEnHauw+I85nGG+SiVg5ld4GX8D1IbKIX+ozITQnhMQ==}
    cpu: [loong64]
    os: [linux]
    libc: [glibc]

  '@rollup/rollup-linux-loong64-musl@4.61.1':
    resolution: {integrity: sha512-LdpWGL8X209B2SIvWjqlc8VZgM6PKfontSerGepuldQmHYrAOtnMCXeJkxXGbC+PPZVOuu5czJo7fNV6aeW8rQ==}
    cpu: [loong64]
    os: [linux]
    libc: [musl]

  '@rollup/rollup-linux-ppc64-gnu@4.61.1':
    resolution: {integrity: sha512-EC5kTtNaNGOmbMGqar8dvJy6y/hg99GAwjfBz++pxZhQATXGcRjd6c5en5wcbru0vkRmiMGsQKdMJOOf6sza4g==}
    cpu: [ppc64]
    os: [linux]
    libc: [glibc]

  '@rollup/rollup-linux-ppc64-musl@4.61.1':
    resolution: {integrity: sha512-8hiwp6D4acEcNK78I4rP0/XtS1sknWIAMJBPdR4l6zUtyTm5KiTDr5bXmWt4foY7nAN7AThDHgkLIEZOWKbzWw==}
    cpu: [ppc64]
    os: [linux]
    libc: [musl]

  '@rollup/rollup-linux-riscv64-gnu@4.61.1':
    resolution: {integrity: sha512-10dh/h/BqA7DuMPWSxkR8uks18FRwnwOEqr5zOTEl+NOwP/OMzKX8OFR/Of9xxDA7D5qef1Nzar5WDD2kCCr1g==}
    cpu: [riscv64]
    os: [linux]
    libc: [glibc]

  '@rollup/rollup-linux-riscv64-musl@4.61.1':
    resolution: {integrity: sha512-YKJ5lg35DP17gcAOggnihe+APw9HLyj1Xn7gsmGumBJAUDa6NGXNixJzmkWLhcK9TOuuyQjdamzvJefkO7qHZQ==}
    cpu: [riscv64]
    os: [linux]
    libc: [musl]

  '@rollup/rollup-linux-s390x-gnu@4.61.1':
    resolution: {integrity: sha512-Mlil5G2Jj6a7B3LWGctg+XPL9vdXYuzCtNXfxOQ0nPjc2m6ueUktocPGH9bnAM0bNRKb/bAWTujUU7IJQdQA+g==}
    cpu: [s390x]
    os: [linux]
    libc: [glibc]

  '@rollup/rollup-linux-x64-gnu@4.61.1':
    resolution: {integrity: sha512-bVWIOIk6pV01p4CdUbPP7CJ/434z+OooYjDuFcR+44N35YvKUC66G8MGnvcWx5mWKW3g61J+t74l3Kj15Kwn2Q==}
    cpu: [x64]
    os: [linux]
    libc: [glibc]

  '@rollup/rollup-linux-x64-musl@4.61.1':
    resolution: {integrity: sha512-qy5pBvZbqNFheBz61R1rzsezjm0J7O2oNGoWtGoY89SZYLUfxAJTBAqDChqAIdB4rCiIbi9nF7yZ83GnNiLwSw==}
    cpu: [x64]
    os: [linux]
    libc: [musl]

  '@rollup/rollup-openbsd-x64@4.61.1':
    resolution: {integrity: sha512-E83TXjI4zm0+5f2qO+UOudaCYIhYwpJ5jq6YCZNIZ+6CbfhKrkAGezeiASBL9ElxAxFsRS9ZhESv8mfnj6TKeg==}
    cpu: [x64]
    os: [openbsd]

  '@rollup/rollup-openharmony-arm64@4.61.1':
    resolution: {integrity: sha512-fbWnKqVkjrJN38vNe3ahkbk6iejS/3b0Nt7EEtPpE6RBacZcGXNKbzfHN3GUUlXOPghUg0j6XUGrtjX9z1sIvA==}
    cpu: [arm64]
    os: [openharmony]

  '@rollup/rollup-win32-arm64-msvc@4.61.1':
    resolution: {integrity: sha512-ArMl38iVAbk0New1ogihQNY6iphLi4ZaRsa037gUzv5yeKPY8TD3Dmy4x2RNC1VztU/uqm+G+/RwFrSka3Oy2g==}
    cpu: [arm64]
    os: [win32]

  '@rollup/rollup-win32-ia32-msvc@4.61.1':
    resolution: {integrity: sha512-0mYtjHS9ucAbcATycCNK9IGBk/cCe/ma7EmSLGZdsxnOA8cjRIyU04wDpVAD9NiOfLUR9KTxdiO53uOkherqjQ==}
    cpu: [ia32]
    os: [win32]

  '@rollup/rollup-win32-x64-gnu@4.61.1':
    resolution: {integrity: sha512-gK1iCEPfpoSG9wfBihXxvBMi8ZfcWffYkEsC/Eih+iFENTaewvNcrEQ69lIOWYO5pePHKLHHO7nq5AILGO/HQQ==}
    cpu: [x64]
    os: [win32]

  '@rollup/rollup-win32-x64-msvc@4.61.1':
    resolution: {integrity: sha512-X+zaP2x+j4RXGfbp/seSoRHWnPxzApilDszisZxbYH5C/jTxFhCtDNdPGZb9lJyYPs24wGxruPF7Y+sIXt9Gzw==}
    cpu: [x64]
    os: [win32]

  '@tailwindcss/node@4.3.0':
    resolution: {integrity: sha512-aFb4gUhFOgdh9AXo4IzBEOzBkkAxm9VigwDJnMIYv3lcfXCJVesNfbEaBl4BNgVRyid92AmdviqwBUBRKSeY3g==}

  '@tailwindcss/oxide-android-arm64@4.3.0':
    resolution: {integrity: sha512-TJPiq67tKlLuObP6RkwvVGDoxCMBVtDgKkLfa/uyj7/FyxvQwHS+UOnVrXXgbEsfUaMgiVvC4KbJnRr26ho4Ng==}
    engines: {node: '>= 20'}
    cpu: [arm64]
    os: [android]

  '@tailwindcss/oxide-darwin-arm64@4.3.0':
    resolution: {integrity: sha512-oMN/WZRb+SO37BmUElEgeEWuU8E/HXRkiODxJxLe1UTHVXLrdVSgfaJV7pSlhRGMSOiXLuxTIjfsF3wYvz8cgQ==}
    engines: {node: '>= 20'}
    cpu: [arm64]
    os: [darwin]

  '@tailwindcss/oxide-darwin-x64@4.3.0':
    resolution: {integrity: sha512-N6CUmu4a6bKVADfw77p+iw6Yd9Q3OBhe0veaDX+QazfuVYlQsHfDgxBrsjQ/IW+zywL8mTrNd0SdJT/zgtvMdA==}
    engines: {node: '>= 20'}
    cpu: [x64]
    os: [darwin]

  '@tailwindcss/oxide-freebsd-x64@4.3.0':
    resolution: {integrity: sha512-zDL5hBkQdH5C6MpqbK3gQAgP80tsMwSI26vjOzjJtNCMUo0lFgOItzHKBIupOZNQxt3ouPH7RPhvNhiTfCe5CQ==}
    engines: {node: '>= 20'}
    cpu: [x64]
    os: [freebsd]

  '@tailwindcss/oxide-linux-arm-gnueabihf@4.3.0':
    resolution: {integrity: sha512-R06HdNi7A7OEoMsf6d4tjZ71RCWnZQPHj2mnotSFURjNLdBC+cIgXQ7l81CqeoiQftjf6OOblxXMInMgN2VzMA==}
    engines: {node: '>= 20'}
    cpu: [arm]
    os: [linux]

  '@tailwindcss/oxide-linux-arm64-gnu@4.3.0':
    resolution: {integrity: sha512-qTJHELX8jetjhRQHCLilkVLmybpzNQAtaI/gaoVoidn/ufbNDbAo8KlK2J+yPoc8wQxvDxCmh/5lr8nC1+lTbg==}
    engines: {node: '>= 20'}
    cpu: [arm64]
    os: [linux]
    libc: [glibc]

  '@tailwindcss/oxide-linux-arm64-musl@4.3.0':
    resolution: {integrity: sha512-Z6sukiQsngnWO+l39X4pPbiWT81IC+PLKF+PHxIlyZbGNb9MODfYlXEVlFvej5BOZInWX01kVyzeLvHsXhfczQ==}
    engines: {node: '>= 20'}
    cpu: [arm64]
    os: [linux]
    libc: [musl]

  '@tailwindcss/oxide-linux-x64-gnu@4.3.0':
    resolution: {integrity: sha512-DRNdQRpSGzRGfARVuVkxvM8Q12nh19l4BF/G7zGA1oe+9wcC6saFBHTISrpIcKzhiXtSrlSrluCfvMuledoCTQ==}
    engines: {node: '>= 20'}
    cpu: [x64]
    os: [linux]
    libc: [glibc]

  '@tailwindcss/oxide-linux-x64-musl@4.3.0':
    resolution: {integrity: sha512-Z0IADbDo8bh6I7h2IQMx601AdXBLfFpEdUotft86evd/8ZPflZe9COPO8Q1vw+pfLWIUo9zN/JGZvwuAJqduqg==}
    engines: {node: '>= 20'}
    cpu: [x64]
    os: [linux]
    libc: [musl]

  '@tailwindcss/oxide-wasm32-wasi@4.3.0':
    resolution: {integrity: sha512-HNZGOUxEmElksYR7S6sC5jTeNGpobAsy9u7Gu0AskJ8/20FR9GqebUyB+HBcU/ax6BHuiuJi+Oda4B+YX6H1yA==}
    engines: {node: '>=14.0.0'}
    cpu: [wasm32]
    bundledDependencies:
      - '@napi-rs/wasm-runtime'
      - '@emnapi/core'
      - '@emnapi/runtime'
      - '@tybys/wasm-util'
      - '@emnapi/wasi-threads'
      - tslib

  '@tailwindcss/oxide-win32-arm64-msvc@4.3.0':
    resolution: {integrity: sha512-Pe+RPVTi1T+qymuuRpcdvwSVZjnll/f7n8gBxMMh3xLTctMDKqpdfGimbMyioqtLhUYZxdJ9wGNhV7MKHvgZsQ==}
    engines: {node: '>= 20'}
    cpu: [arm64]
    os: [win32]

  '@tailwindcss/oxide-win32-x64-msvc@4.3.0':
    resolution: {integrity: sha512-Mvrf2kXW/yeW/OTezZlCGOirXRcUuLIBx/5Y12BaPM7wJoryG6dfS/NJL8aBPqtTEx/Vm4T4vKzFUcKDT+TKUA==}
    engines: {node: '>= 20'}
    cpu: [x64]
    os: [win32]

  '@tailwindcss/oxide@4.3.0':
    resolution: {integrity: sha512-F7HZGBeN9I0/AuuJS5PwcD8xayx5ri5GhjYUDBEVYUkexyA/giwbDNjRVrxSezE3T250OU2K/wp/ltWx3UOefg==}
    engines: {node: '>= 20'}

  '@tailwindcss/vite@4.3.0':
    resolution: {integrity: sha512-t6J3OrB5Fc0ExuhohouH0fWUGMYL6PTLhW+E7zIk/pdbnJARZDCwjBznFnkh5ynRnIRSI4YjtTH0t6USjJISrw==}
    peerDependencies:
      vite: ^5.2.0 || ^6 || ^7 || ^8

  '@tauri-apps/api@2.11.0':
    resolution: {integrity: sha512-7CinYODhky9lmO23xHnUFv0Xt43fbtWMyxZcLcRBlFkcgXKuEirBvHpmtJ89YMhyeGcq20Wuc47Fa4XjyniywA==}

  '@tauri-apps/cli-darwin-arm64@2.11.2':
    resolution: {integrity: sha512-+4UZzLt+eOAEQCwgd+TqKgyUJMrvx+BgdXLLaqJYmPqzP+nE6YZr/hY6CWLYGQb8jFn99jEkmC6uA3tNvamA1w==}
    engines: {node: '>= 10'}
    cpu: [arm64]
    os: [darwin]

  '@tauri-apps/cli-darwin-x64@2.11.2':
    resolution: {integrity: sha512-VjYYtZUPqDMLutSfJEyxFE3Bz+DPi7c8wC3imckgvciLDZLq4qwKJxBicg0BXGhXjJsl8vKWgWRFNMPELQ+Xyg==}
    engines: {node: '>= 10'}
    cpu: [x64]
    os: [darwin]

  '@tauri-apps/cli-linux-arm-gnueabihf@2.11.2':
    resolution: {integrity: sha512-yMemD6f4i95AQriS8EazyOFzbE34yjnP16i3IOzpHGQvBoy2DjypFMFBq0NtPuITURv/cOGguRtHR5d79/9CSA==}
    engines: {node: '>= 10'}
    cpu: [arm]
    os: [linux]

  '@tauri-apps/cli-linux-arm64-gnu@2.11.2':
    resolution: {integrity: sha512-cgI91D2wL8GSgoWwZXDqt+DwnuZCP2/bz03QAE4TrhgAKIsrB4hX26W/H1EONPUUNkqrsgeCD0wU6pcNjV/5kw==}
    engines: {node: '>= 10'}
    cpu: [arm64]
    os: [linux]
    libc: [glibc]

  '@tauri-apps/cli-linux-arm64-musl@2.11.2':
    resolution: {integrity: sha512-X1rm0BERqAAggtYTESSgXrS3sz4Sb/OiPiz54UqISlXW+GkR3vNIGnsy/lejNmoXGVqri3Q53BCfQiclOIyRPw==}
    engines: {node: '>= 10'}
    cpu: [arm64]
    os: [linux]
    libc: [musl]

  '@tauri-apps/cli-linux-riscv64-gnu@2.11.2':
    resolution: {integrity: sha512-usbMLJbT3KtkOrBMDVeGYNM35aTHXx38SJSzTMSqqjeUIOQ+iVPjb2yAGNAE+KqmBbAx4FOFIyMeKXx2M/JKGQ==}
    engines: {node: '>= 10'}
    cpu: [riscv64]
    os: [linux]
    libc: [glibc]

  '@tauri-apps/cli-linux-x64-gnu@2.11.2':
    resolution: {integrity: sha512-Ru4gwJKPG0ctVGchRGpRup4Y4lW2SSfFnrbQcyHhCliKy4g8Qz97TrUgCur4CbWyAgKxvGh3SjrkA0LDYzDGiw==}
    engines: {node: '>= 10'}
    cpu: [x64]
    os: [linux]
    libc: [glibc]

  '@tauri-apps/cli-linux-x64-musl@2.11.2':
    resolution: {integrity: sha512-eUm7T6clN1MMmNSRQ9gaWsQdyehQx2Gmn5hht/QUlqZQI/qcP2OJK5dnaxqwFzCr2HdsEo9ydxaqcS1oJzMvUw==}
    engines: {node: '>= 10'}
    cpu: [x64]
    os: [linux]
    libc: [musl]

  '@tauri-apps/cli-win32-arm64-msvc@2.11.2':
    resolution: {integrity: sha512-HeeZW80jU+gVTOEX4X/hC6NVSAdDVXajwP5fxIZ/3z9WvUC7qrudX2GMTilYq6Dg0e0sk0XgsAJD1hZ5wPBXUA==}
    engines: {node: '>= 10'}
    cpu: [arm64]
    os: [win32]

  '@tauri-apps/cli-win32-ia32-msvc@2.11.2':
    resolution: {integrity: sha512-YhjQNZcXfbkCLyazSv1nPnJ9iRFE1wm6kc51FDbU10/Dk09io+6PAGMLjkxnX2GdM0qMnDmTjstY8mTDVvtKeA==}
    engines: {node: '>= 10'}
    cpu: [ia32]
    os: [win32]

  '@tauri-apps/cli-win32-x64-msvc@2.11.2':
    resolution: {integrity: sha512-d2JchlFIpZevZVReyqhQOekJmb1UH3rhZ5VX6sH3ty9ETE0TKQavpihvoScUXfKKpW6HZC0MrFGRU0ZtD+w3gA==}
    engines: {node: '>= 10'}
    cpu: [x64]
    os: [win32]

  '@tauri-apps/cli@2.11.2':
    resolution: {integrity: sha512-bk3HemqvGRoy+5D/dVMUQHKMYLglD0jVnMm/0iGMH6ufZ+p8r14m6BpIixwij3PBvZdvORUp1YifTD8QxVZ1Nw==}
    engines: {node: '>= 10'}
    hasBin: true

  '@tauri-apps/plugin-opener@2.5.4':
    resolution: {integrity: sha512-1HnPkb+AmgO29HBazm4uPLKB+r7zzcTBW1d0fyYp1uP+jwtpoiNDGKMMzz58SFp49nOIrxdE3aUJtT57lfO9CQ==}

  '@types/estree@1.0.9':
    resolution: {integrity: sha512-GhdPgy1el4/ImP05X05Uw4cw2/M93BCUmnEvWZNStlCzEKME4Fkk+YpoA5OiHNQmoS7Cafb8Xa3Pya8m1Qrzeg==}

  '@vitejs/plugin-vue@5.2.1':
    resolution: {integrity: sha512-cxh314tzaWwOLqVes2gnnCtvBDcM1UMdn+iFR+UjAn411dPT3tOmqrJjbMd7koZpMAmBM/GqeV4n9ge7JSiJJQ==}
    engines: {node: ^18.0.0 || >=20.0.0}
    peerDependencies:
      vite: ^5.0.0 || ^6.0.0
      vue: ^3.2.25

  '@volar/language-core@2.4.28':
    resolution: {integrity: sha512-w4qhIJ8ZSitgLAkVay6AbcnC7gP3glYM3fYwKV3srj8m494E3xtrCv6E+bWviiK/8hs6e6t1ij1s2Endql7vzQ==}

  '@volar/source-map@2.4.28':
    resolution: {integrity: sha512-yX2BDBqJkRXfKw8my8VarTyjv48QwxdJtvRgUpNE5erCsgEUdI2DsLbpa+rOQVAJYshY99szEcRDmyHbF10ggQ==}

  '@volar/typescript@2.4.28':
    resolution: {integrity: sha512-Ja6yvWrbis2QtN4ClAKreeUZPVYMARDYZl9LMEv1iQ1QdepB6wn0jTRxA9MftYmYa4DQ4k/DaSZpFPUfxl8giw==}

  '@vue/compiler-core@3.5.35':
    resolution: {integrity: sha512-BUmHaR1J+O+CKZ9uJucdVTEr1LHsdyvv7vG3eNRhK3CczEHeMd/LtsHAuD7PbrxvI2envCY2v7HI1vC1aBRzKw==}

  '@vue/compiler-dom@3.5.35':
    resolution: {integrity: sha512-k+bprkXxuqhVajgTx5mUHuir7TwQzUKOWR40ng1ncAqQRPnrLngGGgqVEEhOnTMlc8btHYVKmrP8s5Qyg0hvYA==}

  '@vue/compiler-sfc@3.5.35':
    resolution: {integrity: sha512-G5VPMcXTSywXBgtFOZOnHKBxKSrwXUcvY1iaF5/hRcy7t0J6CH/d8ha9F4nzi00Fax1eLV0QHM7v4mQu68jydw==}

  '@vue/compiler-ssr@3.5.35':
    resolution: {integrity: sha512-rGhAeXgdM7/ffTJGXT69rCCdTmjDewnFuUZfBQQHTdcEBeWdT5HCGY60y2ytLJr9/Dsu7IntUi5z/w0h6Rjnzw==}

  '@vue/compiler-vue2@2.7.16':
    resolution: {integrity: sha512-qYC3Psj9S/mfu9uVi5WvNZIzq+xnXMhOwbTFKKDD7b1lhpnn71jXSFdTQ+WsIEk0ONCd7VV2IMm7ONl6tbQ86A==}

  '@vue/language-core@2.1.10':
    resolution: {integrity: sha512-DAI289d0K3AB5TUG3xDp9OuQ71CnrujQwJrQnfuZDwo6eGNf0UoRlPuaVNO+Zrn65PC3j0oB2i7mNmVPggeGeQ==}
    peerDependencies:
      typescript: '*'
    peerDependenciesMeta:
      typescript:
        optional: true

  '@vue/reactivity@3.5.35':
    resolution: {integrity: sha512-tVc+SsHConvh/Lz64qq1pP3rYArBmK42xonovEcxY74SQtvctZodG/zhq54P5dr38cVuw25d27cPNRdlMidpGQ==}

  '@vue/runtime-core@3.5.35':
    resolution: {integrity: sha512-A/xFNX9loIcWDygeQuNCfKuh0CoYBzxhqEMNah5TSFg9Z53DrFYEN2qi5CU9necjM1OWYegYREUTHmXTmhfXtg==}

  '@vue/runtime-dom@3.5.35':
    resolution: {integrity: sha512-odrJ1C391dbGnyDRh8U+rnP7J2amIEzfmRk5vXy7xi3aZhEXofTvpi0T4HJb6jlNqQZTNPR5MPHSB3RHNkIORA==}

  '@vue/server-renderer@3.5.35':
    resolution: {integrity: sha512-NkebSOYdB97wi8OQcO3HqzZSlymJi/aWsN/7h74OSVhRTm6qGs3Jp3e0rCXynmWwSlKeRrnlIug+ilYoHBmQDA==}
    peerDependencies:
      vue: 3.5.35

  '@vue/shared@3.5.35':
    resolution: {integrity: sha512-zSbjL7gRXwks2ZQLRGCajBtBXEOXW9Ddhn/HvSdrGkE2dqGnumzW8XtusRrxrE9LvqtiqDXQ+A60Hp6mvdYxfA==}

  alien-signals@0.2.0:
    resolution: {integrity: sha512-StlonZhBBrsPPwrDjiPAiVTf/rolxffLxVPT60Qv/t88BZ81BvUVzHgGqEFvJ1ii8HXtm1+zU2Icr59tfWEcag==}

  balanced-match@1.0.0:
    resolution: {integrity: sha512-9Y0g0Q8rmSt+H33DfKv7FOc3v+iRI+o1lbzt8jGcIosYW37IIW/2XVYq5NPdmaD5NQ59Nk26Kl/vZbwW9Fr8vg==}

  brace-expansion@2.1.1:
    resolution: {integrity: sha512-WR1cURNjuvBLMZBMbqM0UoE+WAfdUcEV1ccD8PVBVOI+Z3ND4+SZbN8RsfT2bMuG1qwz5RFvPukSZm5fF2D5eA==}

  csstype@3.2.3:
    resolution: {integrity: sha512-z1HGKcYy2xA8AGQfwrn0PAy+PB7X/GSj3UVJW9qKyn43xWa+gl5nXmU4qqLMRzWVLFC8KusUX8T/0kCiOYpAIQ==}

  de-indent@1.0.2:
    resolution: {integrity: sha512-e/1zu3xH5MQryN2zdVaF0OrdNLUbvWxzMbi+iNA6Bky7l1RoP8a2fIbRocyHclXt/arDrrR6lL3TqFD9pMQTsg==}

  detect-libc@2.1.2:
    resolution: {integrity: sha512-Btj2BOOO83o3WyH59e8MgXsxEQVcarkUOpEYrubB0urwnN10yQ364rsiByU11nZlqWYZm05i/of7io4mzihBtQ==}
    engines: {node: '>=8'}

  enhanced-resolve@5.22.2:
    resolution: {integrity: sha512-0rxICaFZ7NQho/sHely2bvOPRP0Eu2B0NZ9zM54YvRvWMn7jfz3DmnOZDR9LlXDdDcqntAVc6Hfy4gr/tdH/Ag==}
    engines: {node: '>=10.13.0'}

  entities@7.0.1:
    resolution: {integrity: sha512-TWrgLOFUQTH994YUyl1yT4uyavY5nNB5muff+RtWaqNVCAK408b5ZnnbNAUEWLTCpum9w6arT70i1XdQ4UeOPA==}
    engines: {node: '>=0.12'}

  esbuild@0.25.0:
    resolution: {integrity: sha512-BXq5mqc8ltbaN34cDqWuYKyNhX8D/Z0J1xdtdQ8UcIIIyJyz+ZMKUt58tF3SrZ85jcfN/PZYhjR5uDQAYNVbuw==}
    engines: {node: '>=18'}
    hasBin: true

  estree-walker@2.0.2:
    resolution: {integrity: sha512-Rfkk/Mp/DL7JVje3u18FxFujQlTNR2q6QfMSMB7AvCBx91NGj/ba3kCfza0f6dVDbw7YlRf/nDrn7pQrCCyQ/w==}

  fdir@6.5.0:
    resolution: {integrity: sha512-tIbYtZbucOs0BRGqPJkshJUYdL+SDH7dVM8gjy+ERp3WAUjLEFJE+02kanyHtwjWOnwrKYBiwAmM0p4kLJAnXg==}
    engines: {node: '>=12.0.0'}
    peerDependencies:
      picomatch: ^3 || ^4
    peerDependenciesMeta:
      picomatch:
        optional: true

  fsevents@2.3.3:
    resolution: {integrity: sha512-5xoDfX+fL7faATnagmWPpbFtwh/R77WmMMqqHGS65C3vvB0YHrgF+B1YmZ3441tMj5n63k0212XNoJwzlhffQw==}
    engines: {node: ^8.16.0 || ^10.6.0 || >=11.0.0}
    os: [darwin]

  graceful-fs@4.2.11:
    resolution: {integrity: sha512-RbJ5/jmFcNNCcDV5o9eTnBLJ/HszWV0P73bc+Ff4nS/rJj+YaS6IGyiOL0VoBYX+l1Wrl3k63h/KrH+nhJ0XvQ==}

  he@1.2.0:
    resolution: {integrity: sha512-F/1DnUGPopORZi0ni+CvrCgHQ5FyEAHRLSApuYWMmrbSwoN2Mn/7k+Gl38gJnR7yyDZk6WLXwiGod1JOWNDKGw==}
    hasBin: true

  jiti@2.7.0:
    resolution: {integrity: sha512-AC/7JofJvZGrrneWNaEnJeOLUx+JlGt7tNa0wZiRPT4MY1wmfKjt2+6O2p2uz2+skll8OZZmJMNqeke7kKbNgQ==}
    hasBin: true

  lightningcss-android-arm64@1.32.0:
    resolution: {integrity: sha512-YK7/ClTt4kAK0vo6w3X+Pnm0D2cf2vPHbhOXdoNti1Ga0al1P4TBZhwjATvjNwLEBCnKvjJc2jQgHXH0NEwlAg==}
    engines: {node: '>= 12.0.0'}
    cpu: [arm64]
    os: [android]

  lightningcss-darwin-arm64@1.32.0:
    resolution: {integrity: sha512-RzeG9Ju5bag2Bv1/lwlVJvBE3q6TtXskdZLLCyfg5pt+HLz9BqlICO7LZM7VHNTTn/5PRhHFBSjk5lc4cmscPQ==}
    engines: {node: '>= 12.0.0'}
    cpu: [arm64]
    os: [darwin]

  lightningcss-darwin-x64@1.32.0:
    resolution: {integrity: sha512-U+QsBp2m/s2wqpUYT/6wnlagdZbtZdndSmut/NJqlCcMLTWp5muCrID+K5UJ6jqD2BFshejCYXniPDbNh73V8w==}
    engines: {node: '>= 12.0.0'}
    cpu: [x64]
    os: [darwin]

  lightningcss-freebsd-x64@1.32.0:
    resolution: {integrity: sha512-JCTigedEksZk3tHTTthnMdVfGf61Fky8Ji2E4YjUTEQX14xiy/lTzXnu1vwiZe3bYe0q+SpsSH/CTeDXK6WHig==}
    engines: {node: '>= 12.0.0'}
    cpu: [x64]
    os: [freebsd]

  lightningcss-linux-arm-gnueabihf@1.32.0:
    resolution: {integrity: sha512-x6rnnpRa2GL0zQOkt6rts3YDPzduLpWvwAF6EMhXFVZXD4tPrBkEFqzGowzCsIWsPjqSK+tyNEODUBXeeVHSkw==}
    engines: {node: '>= 12.0.0'}
    cpu: [arm]
    os: [linux]

  lightningcss-linux-arm64-gnu@1.32.0:
    resolution: {integrity: sha512-0nnMyoyOLRJXfbMOilaSRcLH3Jw5z9HDNGfT/gwCPgaDjnx0i8w7vBzFLFR1f6CMLKF8gVbebmkUN3fa/kQJpQ==}
    engines: {node: '>= 12.0.0'}
    cpu: [arm64]
    os: [linux]
    libc: [glibc]

  lightningcss-linux-arm64-musl@1.32.0:
    resolution: {integrity: sha512-UpQkoenr4UJEzgVIYpI80lDFvRmPVg6oqboNHfoH4CQIfNA+HOrZ7Mo7KZP02dC6LjghPQJeBsvXhJod/wnIBg==}
    engines: {node: '>= 12.0.0'}
    cpu: [arm64]
    os: [linux]
    libc: [musl]

  lightningcss-linux-x64-gnu@1.32.0:
    resolution: {integrity: sha512-V7Qr52IhZmdKPVr+Vtw8o+WLsQJYCTd8loIfpDaMRWGUZfBOYEJeyJIkqGIDMZPwPx24pUMfwSxxI8phr/MbOA==}
    engines: {node: '>= 12.0.0'}
    cpu: [x64]
    os: [linux]
    libc: [glibc]

  lightningcss-linux-x64-musl@1.32.0:
    resolution: {integrity: sha512-bYcLp+Vb0awsiXg/80uCRezCYHNg1/l3mt0gzHnWV9XP1W5sKa5/TCdGWaR/zBM2PeF/HbsQv/j2URNOiVuxWg==}
    engines: {node: '>= 12.0.0'}
    cpu: [x64]
    os: [linux]
    libc: [musl]

  lightningcss-win32-arm64-msvc@1.32.0:
    resolution: {integrity: sha512-8SbC8BR40pS6baCM8sbtYDSwEVQd4JlFTOlaD3gWGHfThTcABnNDBda6eTZeqbofalIJhFx0qKzgHJmcPTnGdw==}
    engines: {node: '>= 12.0.0'}
    cpu: [arm64]
    os: [win32]

  lightningcss-win32-x64-msvc@1.32.0:
    resolution: {integrity: sha512-Amq9B/SoZYdDi1kFrojnoqPLxYhQ4Wo5XiL8EVJrVsB8ARoC1PWW6VGtT0WKCemjy8aC+louJnjS7U18x3b06Q==}
    engines: {node: '>= 12.0.0'}
    cpu: [x64]
    os: [win32]

  lightningcss@1.32.0:
    resolution: {integrity: sha512-NXYBzinNrblfraPGyrbPoD19C1h9lfI/1mzgWYvXUTe414Gz/X1FD2XBZSZM7rRTrMA8JL3OtAaGifrIKhQ5yQ==}
    engines: {node: '>= 12.0.0'}

  magic-string@0.30.21:
    resolution: {integrity: sha512-vd2F4YUyEXKGcLHoq+TEyCjxueSeHnFxyyjNp80yg0XV4vUhnDer/lvvlqM/arB5bXQN5K2/3oinyCRyx8T2CQ==}

  minimatch@9.0.9:
    resolution: {integrity: sha512-OBwBN9AL4dqmETlpS2zasx+vTeWclWzkblfZk7KTA5j3jeOONz/tRCnZomUyvNg83wL5Zv9Ss6HMJXAgL8R2Yg==}
    engines: {node: '>=16 || 14 >=14.17'}

  muggle-string@0.4.1:
    resolution: {integrity: sha512-VNTrAak/KhO2i8dqqnqnAHOa3cYBwXEZe9h+D5h/1ZqFSTEFHdM65lR7RoIqq3tBBYavsOXV84NoHXZ0AkPyqQ==}

  nanoid@3.3.12:
    resolution: {integrity: sha512-ZB9RH/39qpq5Vu6Y+NmUaFhQR6pp+M2Xt76XBnEwDaGcVAqhlvxrl3B2bKS5D3NH3QR76v3aSrKaF/Kiy7lEtQ==}
    engines: {node: ^10 || ^12 || ^13.7 || ^14 || >=15.0.1}
    hasBin: true

  path-browserify@1.0.1:
    resolution: {integrity: sha512-b7uo2UCUOYZcnF/3ID0lulOJi/bafxa1xPe7ZPsammBSpjSWQkjNxlt635YGS2MiR9GjvuXCtz2emr3jbsz98g==}

  picocolors@1.1.1:
    resolution: {integrity: sha512-xceH2snhtb5M9liqDsmEw56le376mTZkEX/jEb/RxNFyegNul7eNslCXP9FDj/Lcu0X8KEyMceP2ntpaHrDEVA==}

  picomatch@4.0.4:
    resolution: {integrity: sha512-QP88BAKvMam/3NxH6vj2o21R6MjxZUAd6nlwAS/pnGvN9IVLocLHxGYIzFhg6fUQ+5th6P4dv4eW9jX3DSIj7A==}
    engines: {node: '>=12'}

  postcss@8.5.15:
    resolution: {integrity: sha512-FfR8sjd4em2T6fb3I2MwAJU7HWVMr9zba+enmQeeWFfCbm+UOC/0X4DS8XtpUTMwWMGbjKYP7xjfNekzyGmB3A==}
    engines: {node: ^10 || ^12 || >=14}

  rollup@4.61.1:
    resolution: {integrity: sha512-I4KW6iuRpuu2uHBLraZ1wNZe0DP7lnRha+VJ9tNaYVaVgKhW0aI3h4RYnoRPeql0flHm/Co55b7snEDcOfOJrA==}
    engines: {node: '>=18.0.0', npm: '>=8.0.0'}
    hasBin: true

  semver@7.8.2:
    resolution: {integrity: sha512-c8jsqUZm3omBOI66G90z1Dyw5z622G8oLG+omfsHBJf3CWQTlOcwOjvOG6wtiNfW6anKm/eA39LMwMtMez2TiQ==}
    engines: {node: '>=10'}
    hasBin: true

  source-map-js@1.2.1:
    resolution: {integrity: sha512-UXWMKhLOwVKb728IUtQPXxfYU+usdybtUrK/8uGE8CQMvrhOpwvzDBwj0QhSL7MQc7vIsISBG8VQ8+IDQxpfQA==}
    engines: {node: '>=0.10.0'}

  tailwindcss@4.3.0:
    resolution: {integrity: sha512-y6nxMGB1nMW9R6k96e5gdIFzcfL/gTJRNaqGes1YvkLnPVXzWgbqFF2yLC0T8G774n24cx3Pe8XrKoniCOAH+Q==}

  tapable@2.3.3:
    resolution: {integrity: sha512-uxc/zpqFg6x7C8vOE7lh6Lbda8eEL9zmVm/PLeTPBRhh1xCgdWaQ+J1CUieGpIfm2HdtsUpRv+HshiasBMcc6A==}
    engines: {node: '>=6'}

  tinyglobby@0.2.17:
    resolution: {integrity: sha512-wXR/dYpcqKmfWpEdZjiKJOwCNFndD0DMnrW/cYjVGttEkBfVgcLFHoNrlj47mjOVic9yyNu65alsgF4NQyTa2g==}
    engines: {node: '>=12.0.0'}

  typescript@5.6.2:
    resolution: {integrity: sha512-NW8ByodCSNCwZeghjN3o+JX5OFH0Ojg6sadjEKY4huZ52TqbJTJnDo5+Tw98lSy63NZvi4n+ez5m2u5d4PkZyw==}
    engines: {node: '>=14.17'}
    hasBin: true

  vite@6.4.3:
    resolution: {integrity: sha512-NTKlcQjlAK7MlQoyb6LgaqHc8sso/pVyUJYWMws3jg21uTJw/LddqIFPcPqP6PzpgbIcZyKI85sFE4HBrQDA8A==}
    engines: {node: ^18.0.0 || ^20.0.0 || >=22.0.0}
    hasBin: true
    peerDependencies:
      '@types/node': ^18.0.0 || ^20.0.0 || >=22.0.0
      jiti: '>=1.21.0'
      less: '*'
      lightningcss: ^1.21.0
      sass: '*'
      sass-embedded: '*'
      stylus: '*'
      sugarss: '*'
      terser: ^5.16.0
      tsx: ^4.8.1
      yaml: ^2.4.2
    peerDependenciesMeta:
      '@types/node':
        optional: true
      jiti:
        optional: true
      less:
        optional: true
      lightningcss:
        optional: true
      sass:
        optional: true
      sass-embedded:
        optional: true
      stylus:
        optional: true
      sugarss:
        optional: true
      terser:
        optional: true
      tsx:
        optional: true
      yaml:
        optional: true

  vscode-uri@3.1.0:
    resolution: {integrity: sha512-/BpdSx+yCQGnCvecbyXdxHDkuk55/G3xwnC0GqY4gmQ3j+A+g8kzzgB4Nk/SINjqn6+waqw3EgbVF2QKExkRxQ==}

  vue-tsc@2.1.10:
    resolution: {integrity: sha512-RBNSfaaRHcN5uqVqJSZh++Gy/YUzryuv9u1aFWhsammDJXNtUiJMNoJ747lZcQ68wUQFx6E73y4FY3D8E7FGMA==}
    hasBin: true
    peerDependencies:
      typescript: '>=5.0.0'

  vue@3.5.35:
    resolution: {integrity: sha512-cx89fnr+0kVGHiNFG6y6s0bdjypJRFNZn6x3WPstNdQR1bi1mbB7h4v5IBGTsPJU3nK1+0Iqj3Zf+hZWMieR4Q==}
    peerDependencies:
      typescript: '*'
    peerDependenciesMeta:
      typescript:
        optional: true

snapshots:

  '@babel/helper-string-parser@7.29.7': {}

  '@babel/helper-validator-identifier@7.29.7': {}

  '@babel/parser@7.29.7':
    dependencies:
      '@babel/types': 7.29.7

  '@babel/types@7.29.7':
    dependencies:
      '@babel/helper-string-parser': 7.29.7
      '@babel/helper-validator-identifier': 7.29.7

  '@esbuild/aix-ppc64@0.25.0':
    optional: true

  '@esbuild/android-arm64@0.25.0':
    optional: true

  '@esbuild/android-arm@0.25.0':
    optional: true

  '@esbuild/android-x64@0.25.0':
    optional: true

  '@esbuild/darwin-arm64@0.25.0':
    optional: true

  '@esbuild/darwin-x64@0.25.0':
    optional: true

  '@esbuild/freebsd-arm64@0.25.0':
    optional: true

  '@esbuild/freebsd-x64@0.25.0':
    optional: true

  '@esbuild/linux-arm64@0.25.0':
    optional: true

  '@esbuild/linux-arm@0.25.0':
    optional: true

  '@esbuild/linux-ia32@0.25.0':
    optional: true

  '@esbuild/linux-loong64@0.25.0':
    optional: true

  '@esbuild/linux-mips64el@0.25.0':
    optional: true

  '@esbuild/linux-ppc64@0.25.0':
    optional: true

  '@esbuild/linux-riscv64@0.25.0':
    optional: true

  '@esbuild/linux-s390x@0.25.0':
    optional: true

  '@esbuild/linux-x64@0.25.0':
    optional: true

  '@esbuild/netbsd-arm64@0.25.0':
    optional: true

  '@esbuild/netbsd-x64@0.25.0':
    optional: true

  '@esbuild/openbsd-arm64@0.25.0':
    optional: true

  '@esbuild/openbsd-x64@0.25.0':
    optional: true

  '@esbuild/sunos-x64@0.25.0':
    optional: true

  '@esbuild/win32-arm64@0.25.0':
    optional: true

  '@esbuild/win32-ia32@0.25.0':
    optional: true

  '@esbuild/win32-x64@0.25.0':
    optional: true

  '@jridgewell/gen-mapping@0.3.5':
    dependencies:
      '@jridgewell/set-array': 1.2.1
      '@jridgewell/sourcemap-codec': 1.5.5
      '@jridgewell/trace-mapping': 0.3.31

  '@jridgewell/remapping@2.3.5':
    dependencies:
      '@jridgewell/gen-mapping': 0.3.5
      '@jridgewell/trace-mapping': 0.3.31

  '@jridgewell/resolve-uri@3.1.2': {}

  '@jridgewell/set-array@1.2.1': {}

  '@jridgewell/sourcemap-codec@1.5.5': {}

  '@jridgewell/trace-mapping@0.3.31':
    dependencies:
      '@jridgewell/resolve-uri': 3.1.2
      '@jridgewell/sourcemap-codec': 1.5.5

  '@rollup/rollup-android-arm-eabi@4.61.1':
    optional: true

  '@rollup/rollup-android-arm64@4.61.1':
    optional: true

  '@rollup/rollup-darwin-arm64@4.61.1':
    optional: true

  '@rollup/rollup-darwin-x64@4.61.1':
    optional: true

  '@rollup/rollup-freebsd-arm64@4.61.1':
    optional: true

  '@rollup/rollup-freebsd-x64@4.61.1':
    optional: true

  '@rollup/rollup-linux-arm-gnueabihf@4.61.1':
    optional: true

  '@rollup/rollup-linux-arm-musleabihf@4.61.1':
    optional: true

  '@rollup/rollup-linux-arm64-gnu@4.61.1':
    optional: true

  '@rollup/rollup-linux-arm64-musl@4.61.1':
    optional: true

  '@rollup/rollup-linux-loong64-gnu@4.61.1':
    optional: true

  '@rollup/rollup-linux-loong64-musl@4.61.1':
    optional: true

  '@rollup/rollup-linux-ppc64-gnu@4.61.1':
    optional: true

  '@rollup/rollup-linux-ppc64-musl@4.61.1':
    optional: true

  '@rollup/rollup-linux-riscv64-gnu@4.61.1':
    optional: true

  '@rollup/rollup-linux-riscv64-musl@4.61.1':
    optional: true

  '@rollup/rollup-linux-s390x-gnu@4.61.1':
    optional: true

  '@rollup/rollup-linux-x64-gnu@4.61.1':
    optional: true

  '@rollup/rollup-linux-x64-musl@4.61.1':
    optional: true

  '@rollup/rollup-openbsd-x64@4.61.1':
    optional: true

  '@rollup/rollup-openharmony-arm64@4.61.1':
    optional: true

  '@rollup/rollup-win32-arm64-msvc@4.61.1':
    optional: true

  '@rollup/rollup-win32-ia32-msvc@4.61.1':
    optional: true

  '@rollup/rollup-win32-x64-gnu@4.61.1':
    optional: true

  '@rollup/rollup-win32-x64-msvc@4.61.1':
    optional: true

  '@tailwindcss/node@4.3.0':
    dependencies:
      '@jridgewell/remapping': 2.3.5
      enhanced-resolve: 5.22.2
      jiti: 2.7.0
      lightningcss: 1.32.0
      magic-string: 0.30.21
      source-map-js: 1.2.1
      tailwindcss: 4.3.0

  '@tailwindcss/oxide-android-arm64@4.3.0':
    optional: true

  '@tailwindcss/oxide-darwin-arm64@4.3.0':
    optional: true

  '@tailwindcss/oxide-darwin-x64@4.3.0':
    optional: true

  '@tailwindcss/oxide-freebsd-x64@4.3.0':
    optional: true

  '@tailwindcss/oxide-linux-arm-gnueabihf@4.3.0':
    optional: true

  '@tailwindcss/oxide-linux-arm64-gnu@4.3.0':
    optional: true

  '@tailwindcss/oxide-linux-arm64-musl@4.3.0':
    optional: true

  '@tailwindcss/oxide-linux-x64-gnu@4.3.0':
    optional: true

  '@tailwindcss/oxide-linux-x64-musl@4.3.0':
    optional: true

  '@tailwindcss/oxide-wasm32-wasi@4.3.0':
    optional: true

  '@tailwindcss/oxide-win32-arm64-msvc@4.3.0':
    optional: true

  '@tailwindcss/oxide-win32-x64-msvc@4.3.0':
    optional: true

  '@tailwindcss/oxide@4.3.0':
    optionalDependencies:
      '@tailwindcss/oxide-android-arm64': 4.3.0
      '@tailwindcss/oxide-darwin-arm64': 4.3.0
      '@tailwindcss/oxide-darwin-x64': 4.3.0
      '@tailwindcss/oxide-freebsd-x64': 4.3.0
      '@tailwindcss/oxide-linux-arm-gnueabihf': 4.3.0
      '@tailwindcss/oxide-linux-arm64-gnu': 4.3.0
      '@tailwindcss/oxide-linux-arm64-musl': 4.3.0
      '@tailwindcss/oxide-linux-x64-gnu': 4.3.0
      '@tailwindcss/oxide-linux-x64-musl': 4.3.0
      '@tailwindcss/oxide-wasm32-wasi': 4.3.0
      '@tailwindcss/oxide-win32-arm64-msvc': 4.3.0
      '@tailwindcss/oxide-win32-x64-msvc': 4.3.0

  '@tailwindcss/vite@4.3.0(vite@6.4.3(jiti@2.7.0)(lightningcss@1.32.0))':
    dependencies:
      '@tailwindcss/node': 4.3.0
      '@tailwindcss/oxide': 4.3.0
      tailwindcss: 4.3.0
      vite: 6.4.3(jiti@2.7.0)(lightningcss@1.32.0)

  '@tauri-apps/api@2.11.0': {}

  '@tauri-apps/cli-darwin-arm64@2.11.2':
    optional: true

  '@tauri-apps/cli-darwin-x64@2.11.2':
    optional: true

  '@tauri-apps/cli-linux-arm-gnueabihf@2.11.2':
    optional: true

  '@tauri-apps/cli-linux-arm64-gnu@2.11.2':
    optional: true

  '@tauri-apps/cli-linux-arm64-musl@2.11.2':
    optional: true

  '@tauri-apps/cli-linux-riscv64-gnu@2.11.2':
    optional: true

  '@tauri-apps/cli-linux-x64-gnu@2.11.2':
    optional: true

  '@tauri-apps/cli-linux-x64-musl@2.11.2':
    optional: true

  '@tauri-apps/cli-win32-arm64-msvc@2.11.2':
    optional: true

  '@tauri-apps/cli-win32-ia32-msvc@2.11.2':
    optional: true

  '@tauri-apps/cli-win32-x64-msvc@2.11.2':
    optional: true

  '@tauri-apps/cli@2.11.2':
    optionalDependencies:
      '@tauri-apps/cli-darwin-arm64': 2.11.2
      '@tauri-apps/cli-darwin-x64': 2.11.2
      '@tauri-apps/cli-linux-arm-gnueabihf': 2.11.2
      '@tauri-apps/cli-linux-arm64-gnu': 2.11.2
      '@tauri-apps/cli-linux-arm64-musl': 2.11.2
      '@tauri-apps/cli-linux-riscv64-gnu': 2.11.2
      '@tauri-apps/cli-linux-x64-gnu': 2.11.2
      '@tauri-apps/cli-linux-x64-musl': 2.11.2
      '@tauri-apps/cli-win32-arm64-msvc': 2.11.2
      '@tauri-apps/cli-win32-ia32-msvc': 2.11.2
      '@tauri-apps/cli-win32-x64-msvc': 2.11.2

  '@tauri-apps/plugin-opener@2.5.4':
    dependencies:
      '@tauri-apps/api': 2.11.0

  '@types/estree@1.0.9': {}

  '@vitejs/plugin-vue@5.2.1(vite@6.4.3(jiti@2.7.0)(lightningcss@1.32.0))(vue@3.5.35(typescript@5.6.2))':
    dependencies:
      vite: 6.4.3(jiti@2.7.0)(lightningcss@1.32.0)
      vue: 3.5.35(typescript@5.6.2)

  '@volar/language-core@2.4.28':
    dependencies:
      '@volar/source-map': 2.4.28

  '@volar/source-map@2.4.28': {}

  '@volar/typescript@2.4.28':
    dependencies:
      '@volar/language-core': 2.4.28
      path-browserify: 1.0.1
      vscode-uri: 3.1.0

  '@vue/compiler-core@3.5.35':
    dependencies:
      '@babel/parser': 7.29.7
      '@vue/shared': 3.5.35
      entities: 7.0.1
      estree-walker: 2.0.2
      source-map-js: 1.2.1

  '@vue/compiler-dom@3.5.35':
    dependencies:
      '@vue/compiler-core': 3.5.35
      '@vue/shared': 3.5.35

  '@vue/compiler-sfc@3.5.35':
    dependencies:
      '@babel/parser': 7.29.7
      '@vue/compiler-core': 3.5.35
      '@vue/compiler-dom': 3.5.35
      '@vue/compiler-ssr': 3.5.35
      '@vue/shared': 3.5.35
      estree-walker: 2.0.2
      magic-string: 0.30.21
      postcss: 8.5.15
      source-map-js: 1.2.1

  '@vue/compiler-ssr@3.5.35':
    dependencies:
      '@vue/compiler-dom': 3.5.35
      '@vue/shared': 3.5.35

  '@vue/compiler-vue2@2.7.16':
    dependencies:
      de-indent: 1.0.2
      he: 1.2.0

  '@vue/language-core@2.1.10(typescript@5.6.2)':
    dependencies:
      '@volar/language-core': 2.4.28
      '@vue/compiler-dom': 3.5.35
      '@vue/compiler-vue2': 2.7.16
      '@vue/shared': 3.5.35
      alien-signals: 0.2.0
      minimatch: 9.0.9
      muggle-string: 0.4.1
      path-browserify: 1.0.1
    optionalDependencies:
      typescript: 5.6.2

  '@vue/reactivity@3.5.35':
    dependencies:
      '@vue/shared': 3.5.35

  '@vue/runtime-core@3.5.35':
    dependencies:
      '@vue/reactivity': 3.5.35
      '@vue/shared': 3.5.35

  '@vue/runtime-dom@3.5.35':
    dependencies:
      '@vue/reactivity': 3.5.35
      '@vue/runtime-core': 3.5.35
      '@vue/shared': 3.5.35
      csstype: 3.2.3

  '@vue/server-renderer@3.5.35(vue@3.5.35(typescript@5.6.2))':
    dependencies:
      '@vue/compiler-ssr': 3.5.35
      '@vue/shared': 3.5.35
      vue: 3.5.35(typescript@5.6.2)

  '@vue/shared@3.5.35': {}

  alien-signals@0.2.0: {}

  balanced-match@1.0.0: {}

  brace-expansion@2.1.1:
    dependencies:
      balanced-match: 1.0.0

  csstype@3.2.3: {}

  de-indent@1.0.2: {}

  detect-libc@2.1.2: {}

  enhanced-resolve@5.22.2:
    dependencies:
      graceful-fs: 4.2.11
      tapable: 2.3.3

  entities@7.0.1: {}

  esbuild@0.25.0:
    optionalDependencies:
      '@esbuild/aix-ppc64': 0.25.0
      '@esbuild/android-arm': 0.25.0
      '@esbuild/android-arm64': 0.25.0
      '@esbuild/android-x64': 0.25.0
      '@esbuild/darwin-arm64': 0.25.0
      '@esbuild/darwin-x64': 0.25.0
      '@esbuild/freebsd-arm64': 0.25.0
      '@esbuild/freebsd-x64': 0.25.0
      '@esbuild/linux-arm': 0.25.0
      '@esbuild/linux-arm64': 0.25.0
      '@esbuild/linux-ia32': 0.25.0
      '@esbuild/linux-loong64': 0.25.0
      '@esbuild/linux-mips64el': 0.25.0
      '@esbuild/linux-ppc64': 0.25.0
      '@esbuild/linux-riscv64': 0.25.0
      '@esbuild/linux-s390x': 0.25.0
      '@esbuild/linux-x64': 0.25.0
      '@esbuild/netbsd-arm64': 0.25.0
      '@esbuild/netbsd-x64': 0.25.0
      '@esbuild/openbsd-arm64': 0.25.0
      '@esbuild/openbsd-x64': 0.25.0
      '@esbuild/sunos-x64': 0.25.0
      '@esbuild/win32-arm64': 0.25.0
      '@esbuild/win32-ia32': 0.25.0
      '@esbuild/win32-x64': 0.25.0

  estree-walker@2.0.2: {}

  fdir@6.5.0(picomatch@4.0.4):
    optionalDependencies:
      picomatch: 4.0.4

  fsevents@2.3.3:
    optional: true

  graceful-fs@4.2.11: {}

  he@1.2.0: {}

  jiti@2.7.0: {}

  lightningcss-android-arm64@1.32.0:
    optional: true

  lightningcss-darwin-arm64@1.32.0:
    optional: true

  lightningcss-darwin-x64@1.32.0:
    optional: true

  lightningcss-freebsd-x64@1.32.0:
    optional: true

  lightningcss-linux-arm-gnueabihf@1.32.0:
    optional: true

  lightningcss-linux-arm64-gnu@1.32.0:
    optional: true

  lightningcss-linux-arm64-musl@1.32.0:
    optional: true

  lightningcss-linux-x64-gnu@1.32.0:
    optional: true

  lightningcss-linux-x64-musl@1.32.0:
    optional: true

  lightningcss-win32-arm64-msvc@1.32.0:
    optional: true

  lightningcss-win32-x64-msvc@1.32.0:
    optional: true

  lightningcss@1.32.0:
    dependencies:
      detect-libc: 2.1.2
    optionalDependencies:
      lightningcss-android-arm64: 1.32.0
      lightningcss-darwin-arm64: 1.32.0
      lightningcss-darwin-x64: 1.32.0
      lightningcss-freebsd-x64: 1.32.0
      lightningcss-linux-arm-gnueabihf: 1.32.0
      lightningcss-linux-arm64-gnu: 1.32.0
      lightningcss-linux-arm64-musl: 1.32.0
      lightningcss-linux-x64-gnu: 1.32.0
      lightningcss-linux-x64-musl: 1.32.0
      lightningcss-win32-arm64-msvc: 1.32.0
      lightningcss-win32-x64-msvc: 1.32.0

  magic-string@0.30.21:
    dependencies:
      '@jridgewell/sourcemap-codec': 1.5.5

  minimatch@9.0.9:
    dependencies:
      brace-expansion: 2.1.1

  muggle-string@0.4.1: {}

  nanoid@3.3.12: {}

  path-browserify@1.0.1: {}

  picocolors@1.1.1: {}

  picomatch@4.0.4: {}

  postcss@8.5.15:
    dependencies:
      nanoid: 3.3.12
      picocolors: 1.1.1
      source-map-js: 1.2.1

  rollup@4.61.1:
    dependencies:
      '@types/estree': 1.0.9
    optionalDependencies:
      '@rollup/rollup-android-arm-eabi': 4.61.1
      '@rollup/rollup-android-arm64': 4.61.1
      '@rollup/rollup-darwin-arm64': 4.61.1
      '@rollup/rollup-darwin-x64': 4.61.1
      '@rollup/rollup-freebsd-arm64': 4.61.1
      '@rollup/rollup-freebsd-x64': 4.61.1
      '@rollup/rollup-linux-arm-gnueabihf': 4.61.1
      '@rollup/rollup-linux-arm-musleabihf': 4.61.1
      '@rollup/rollup-linux-arm64-gnu': 4.61.1
      '@rollup/rollup-linux-arm64-musl': 4.61.1
      '@rollup/rollup-linux-loong64-gnu': 4.61.1
      '@rollup/rollup-linux-loong64-musl': 4.61.1
      '@rollup/rollup-linux-ppc64-gnu': 4.61.1
      '@rollup/rollup-linux-ppc64-musl': 4.61.1
      '@rollup/rollup-linux-riscv64-gnu': 4.61.1
      '@rollup/rollup-linux-riscv64-musl': 4.61.1
      '@rollup/rollup-linux-s390x-gnu': 4.61.1
      '@rollup/rollup-linux-x64-gnu': 4.61.1
      '@rollup/rollup-linux-x64-musl': 4.61.1
      '@rollup/rollup-openbsd-x64': 4.61.1
      '@rollup/rollup-openharmony-arm64': 4.61.1
      '@rollup/rollup-win32-arm64-msvc': 4.61.1
      '@rollup/rollup-win32-ia32-msvc': 4.61.1
      '@rollup/rollup-win32-x64-gnu': 4.61.1
      '@rollup/rollup-win32-x64-msvc': 4.61.1
      fsevents: 2.3.3

  semver@7.8.2: {}

  source-map-js@1.2.1: {}

  tailwindcss@4.3.0: {}

  tapable@2.3.3: {}

  tinyglobby@0.2.17:
    dependencies:
      fdir: 6.5.0(picomatch@4.0.4)
      picomatch: 4.0.4

  typescript@5.6.2: {}

  vite@6.4.3(jiti@2.7.0)(lightningcss@1.32.0):
    dependencies:
      esbuild: 0.25.0
      fdir: 6.5.0(picomatch@4.0.4)
      picomatch: 4.0.4
      postcss: 8.5.15
      rollup: 4.61.1
      tinyglobby: 0.2.17
    optionalDependencies:
      fsevents: 2.3.3
      jiti: 2.7.0
      lightningcss: 1.32.0

  vscode-uri@3.1.0: {}

  vue-tsc@2.1.10(typescript@5.6.2):
    dependencies:
      '@volar/typescript': 2.4.28
      '@vue/language-core': 2.1.10(typescript@5.6.2)
      semver: 7.8.2
      typescript: 5.6.2

  vue@3.5.35(typescript@5.6.2):
    dependencies:
      '@vue/compiler-dom': 3.5.35
      '@vue/compiler-sfc': 3.5.35
      '@vue/runtime-dom': 3.5.35
      '@vue/server-renderer': 3.5.35(vue@3.5.35(typescript@5.6.2))
      '@vue/shared': 3.5.35
    optionalDependencies:
      typescript: 5.6.2
